
Microsoft Visual Studio Solution File, Format Version 12.00
# Visual Studio Version 16
VisualStudioVersion = 16.0.30907.101
MinimumVisualStudioVersion = 10.0.40219.1
Project("{FAE04EC0-301F-11D3-BF4B-00C04F79EFBC}") = "Sprint0 OOP2", "Sprint0 OOP2\Sprint0 OOP2.csproj", "{E05C32D7-3775-4764-9B75-E84ABB22ABBA}"
EndProject
Global
	GlobalSection(SolutionConfigurationPlatforms) = preSolution
		Debug|Any CPU = Debug|Any CPU
		Release|Any CPU = Release|Any CPU
	EndGlobalSection
	GlobalSection(ProjectConfigurationPlatforms) = postSolution
		{E05C32D7-3775-4764-9B75-E84ABB22ABBA}.Debug|Any CPU.ActiveCfg = Debug|Any CPU
		{E05C32D7-3775-4764-9B75-E84ABB22ABBA}.Debug|Any CPU.Build.0 = Debug|Any CPU
		{E05C32D7-3775-4764-9B75-E84ABB22ABBA}.Release|Any CPU.ActiveCfg = Release|Any CPU
		{E05C32D7-3775-4764-9B75-E84ABB22ABBA}.Release|Any CPU.Build.0 = Release|Any CPU
	EndGlobalSection
	GlobalSection(SolutionProperties) = preSolution
		HideSolutionNode = FALSE
	EndGlobalSection
	GlobalSection(ExtensibilityGlobals) = postSolution
		SolutionGuid = {BCEC5D56-1FBA-4795-AE13-08265F746C91}
	EndGlobalSection
EndGlobal
